// !$*UTF8*$!
{
	archiveVersion = 1;
	classes = {
	};
	objectVersion = 46;
	objects = {

/* Begin PBXBuildFile section */
		A380362E185F3981005E8F61 /* Foundation.framework in Frameworks */ = {isa = PBXBuildFile; fileRef = A380362D185F3981005E8F61 /* Foundation.framework */; };
		A3803630185F3981005E8F61 /* CoreGraphics.framework in Frameworks */ = {isa = PBXBuildFile; fileRef = A380362F185F3981005E8F61 /* CoreGraphics.framework */; };
		A3803632185F3981005E8F61 /* UIKit.framework in Frameworks */ = {isa = PBXBuildFile; fileRef = A3803631185F3981005E8F61 /* UIKit.framework */; };
		A3803638185F3981005E8F61 /* InfoPlist.strings in Resources */ = {isa = PBXBuildFile; fileRef = A3803636185F3981005E8F61 /* InfoPlist.strings */; };
		A380363A185F3981005E8F61 /* main.m in Sources */ = {isa = PBXBuildFile; fileRef = A3803639185F3981005E8F61 /* main.m */; };
		A380363E185F3981005E8F61 /* RecipeBookAppDelegate.m in Sources */ = {isa = PBXBuildFile; fileRef = A380363D185F3981005E8F61 /* RecipeBookAppDelegate.m */; };
		A3803641185F3981005E8F61 /* Main.storyboard in Resources */ = {isa = PBXBuildFile; fileRef = A380363F185F3981005E8F61 /* Main.storyboard */; };
		A3803644185F3981005E8F61 /* RecipeBookViewController.m in Sources */ = {isa = PBXBuildFile; fileRef = A3803643185F3981005E8F61 /* RecipeBookViewController.m */; };
		A3803646185F3981005E8F61 /* Images.xcassets in Resources */ = {isa = PBXBuildFile; fileRef = A3803645185F3981005E8F61 /* Images.xcassets */; };
		A380364D185F3981005E8F61 /* XCTest.framework in Frameworks */ = {isa = PBXBuildFile; fileRef = A380364C185F3981005E8F61 /* XCTest.framework */; };
		A380364E185F3981005E8F61 /* Foundation.framework in Frameworks */ = {isa = PBXBuildFile; fileRef = A380362D185F3981005E8F61 /* Foundation.framework */; };
		A380364F185F3981005E8F61 /* UIKit.framework in Frameworks */ = {isa = PBXBuildFile; fileRef = A3803631185F3981005E8F61 /* UIKit.framework */; };
		A3803657185F3981005E8F61 /* InfoPlist.strings in Resources */ = {isa = PBXBuildFile; fileRef = A3803655185F3981005E8F61 /* InfoPlist.strings */; };
		A3803659185F3981005E8F61 /* RecipeBookTests.m in Sources */ = {isa = PBXBuildFile; fileRef = A3803658185F3981005E8F61 /* RecipeBookTests.m */; };
/* End PBXBuildFile section */

/* Begin PBXContainerItemProxy section */
		A3803650185F3981005E8F61 /* PBXContainerItemProxy */ = {
			isa = PBXContainerItemProxy;
			containerPortal = A3803622185F3980005E8F61 /* Project object */;
			proxyType = 1;
			remoteGlobalIDString = A3803629185F3981005E8F61;
			remoteInfo = RecipeBook;
		};
/* End PBXContainerItemProxy section */

/* Begin PBXFileReference section */
		A380362A185F3981005E8F61 /* RecipeBook.app */ = {isa = PBXFileReference; explicitFileType = wrapper.application; includeInIndex = 0; path = RecipeBook.app; sourceTree = BUILT_PRODUCTS_DIR; };
		A380362D185F3981005E8F61 /* Foundation.framework */ = {isa = PBXFileReference; lastKnownFileType = wrapper.framework; name = Foundation.framework; path = System/Library/Frameworks/Foundation.framework; sourceTree = SDKROOT; };
		A380362F185F3981005E8F61 /* CoreGraphics.framework */ = {isa = PBXFileReference; lastKnownFileType = wrapper.framework; name = CoreGraphics.framework; path = System/Library/Frameworks/CoreGraphics.framework; sourceTree = SDKROOT; };
		A3803631185F3981005E8F61 /* UIKit.framework */ = {isa = PBXFileReference; lastKnownFileType = wrapper.framework; name = UIKit.framework; path = System/Library/Frameworks/UIKit.framework; sourceTree = SDKROOT; };
		A3803635185F3981005E8F61 /* RecipeBook-Info.plist */ = {isa = PBXFileReference; lastKnownFileType = text.plist.xml; path = "RecipeBook-Info.plist"; sourceTree = "<group>"; };
		A3803637185F3981005E8F61 /* en */ = {isa = PBXFileReference; lastKnownFileType = text.plist.strings; name = en; path = en.lproj/InfoPlist.strings; sourceTree = "<group>"; };
		A3803639185F3981005E8F61 /* main.m */ = {isa = PBXFileReference; lastKnownFileType = sourcecode.c.objc; path = main.m; sourceTree = "<group>"; };
		A380363B185F3981005E8F61 /* RecipeBook-Prefix.pch */ = {isa = PBXFileReference; lastKnownFileType = sourcecode.c.h; path = "RecipeBook-Prefix.pch"; sourceTree = "<group>"; };
		A380363C185F3981005E8F61 /* RecipeBookAppDelegate.h */ = {isa = PBXFileReference; lastKnownFileType = sourcecode.c.h; path = RecipeBookAppDelegate.h; sourceTree = "<group>"; };
		A380363D185F3981005E8F61 /* RecipeBookAppDelegate.m */ = {isa = PBXFileReference; lastKnownFileType = sourcecode.c.objc; path = RecipeBookAppDelegate.m; sourceTree = "<group>"; };
		A3803640185F3981005E8F61 /* Base */ = {isa = PBXFileReference; lastKnownFileType = file.storyboard; name = Base; path = Base.lproj/Main.storyboard; sourceTree = "<group>"; };
		A3803642185F3981005E8F61 /* RecipeBookViewController.h */ = {isa = PBXFileReference; lastKnownFileType = sourcecode.c.h; path = RecipeBookViewController.h; sourceTree = "<group>"; };
		A3803643185F3981005E8F61 /* RecipeBookViewController.m */ = {isa = PBXFileReference; lastKnownFileType = sourcecode.c.objc; path = RecipeBookViewController.m; sourceTree = "<group>"; };
		A3803645185F3981005E8F61 /* Images.xcassets */ = {isa = PBXFileReference; lastKnownFileType = folder.assetcatalog; path = Images.xcassets; sourceTree = "<group>"; };
		A380364B185F3981005E8F61 /* RecipeBookTests.xctest */ = {isa = PBXFileReference; explicitFileType = wrapper.cfbundle; includeInIndex = 0; path = RecipeBookTests.xctest; sourceTree = BUILT_PRODUCTS_DIR; };
		A380364C185F3981005E8F61 /* XCTest.framework */ = {isa = PBXFileReference; lastKnownFileType = wrapper.framework; name = XCTest.framework; path = Library/Frameworks/XCTest.framework; sourceTree = DEVELOPER_DIR; };
		A3803654185F3981005E8F61 /* RecipeBookTests-Info.plist */ = {isa = PBXFileReference; lastKnownFileType = text.plist.xml; path = "RecipeBookTests-Info.plist"; sourceTree = "<group>"; };
		A3803656185F3981005E8F61 /* en */ = {isa = PBXFileReference; lastKnownFileType = text.plist.strings; name = en; path = en.lproj/InfoPlist.strings; sourceTree = "<group>"; };
		A3803658185F3981005E8F61 /* RecipeBookTests.m */ = {isa = PBXFileReference; lastKnownFileType = sourcecode.c.objc; path = RecipeBookTests.m; sourceTree = "<group>"; };
/* End PBXFileReference section */

/* Begin PBXFrameworksBuildPhase section */
		A3803627185F3981005E8F61 /* Frameworks */ = {
			isa = PBXFrameworksBuildPhase;
			buildActionMask = 2147483647;
			files = (
				A3803630185F3981005E8F61 /* CoreGraphics.framework in Frameworks */,
				A3803632185F3981005E8F61 /* UIKit.framework in Frameworks */,
				A380362E185F3981005E8F61 /* Foundation.framework in Frameworks */,
			);
			runOnlyForDeploymentPostprocessing = 0;
		};
		A3803648185F3981005E8F61 /* Frameworks */ = {
			isa = PBXFrameworksBuildPhase;
			buildActionMask = 2147483647;
			files = (
				A380364D185F3981005E8F61 /* XCTest.framework in Frameworks */,
				A380364F185F3981005E8F61 /* UIKit.framework in Frameworks */,
				A380364E185F3981005E8F61 /* Foundation.framework in Frameworks */,
			);
			runOnlyForDeploymentPostprocessing = 0;
		};
/* End PBXFrameworksBuildPhase section */

/* Begin PBXGroup section */
		A3803621185F3980005E8F61 = {
			isa = PBXGroup;
			children = (
				A3803633185F3981005E8F61 /* RecipeBook */,
				A3803652185F3981005E8F61 /* RecipeBookTests */,
				A380362C185F3981005E8F61 /* Frameworks */,
				A380362B185F3981005E8F61 /* Products */,
			);
			sourceTree = "<group>";
		};
		A380362B185F3981005E8F61 /* Products */ = {
			isa = PBXGroup;
			children = (
				A380362A185F3981005E8F61 /* RecipeBook.app */,
				A380364B185F3981005E8F61 /* RecipeBookTests.xctest */,
			);
			name = Products;
			sourceTree = "<group>";
		};
		A380362C185F3981005E8F61 /* Frameworks */ = {
			isa = PBXGroup;
			children = (
				A380362D185F3981005E8F61 /* Foundation.framework */,
				A380362F185F3981005E8F61 /* CoreGraphics.framework */,
				A3803631185F3981005E8F61 /* UIKit.framework */,
				A380364C185F3981005E8F61 /* XCTest.framework */,
			);
			name = Frameworks;
			sourceTree = "<group>";
		};
		A3803633185F3981005E8F61 /* RecipeBook */ = {
			isa = PBXGroup;
			children = (
				A380363C185F3981005E8F61 /* RecipeBookAppDelegate.h */,
				A380363D185F3981005E8F61 /* RecipeBookAppDelegate.m */,
				A380363F185F3981005E8F61 /* Main.storyboard */,
				A3803642185F3981005E8F61 /* RecipeBookViewController.h */,
				A3803643185F3981005E8F61 /* RecipeBookViewController.m */,
				A3803645185F3981005E8F61 /* Images.xcassets */,
				A3803634185F3981005E8F61 /* Supporting Files */,
			);
			path = RecipeBook;
			sourceTree = "<group>";
		};
		A3803634185F3981005E8F61 /* Supporting Files */ = {
			isa = PBXGroup;
			children = (
				A3803635185F3981005E8F61 /* RecipeBook-Info.plist */,
				A3803636185F3981005E8F61 /* InfoPlist.strings */,
				A3803639185F3981005E8F61 /* main.m */,
				A380363B185F3981005E8F61 /* RecipeBook-Prefix.pch */,
			);
			name = "Supporting Files";
			sourceTree = "<group>";
		};
		A3803652185F3981005E8F61 /* RecipeBookTests */ = {
			isa = PBXGroup;
			children = (
				A3803658185F3981005E8F61 /* RecipeBookTests.m */,
				A3803653185F3981005E8F61 /* Supporting Files */,
			);
			path = RecipeBookTests;
			sourceTree = "<group>";
		};
		A3803653185F3981005E8F61 /* Supporting Files */ = {
			isa = PBXGroup;
			children = (
				A3803654185F3981005E8F61 /* RecipeBookTests-Info.plist */,
				A3803655185F3981005E8F61 /* InfoPlist.strings */,
			);
			name = "Supporting Files";
			sourceTree = "<group>";
		};
/* End PBXGroup section */

/* Begin PBXNativeTarget section */
		A3803629185F3981005E8F61 /* RecipeBook */ = {
			isa = PBXNativeTarget;
			buildConfigurationList = A380365C185F3981005E8F61 /* Build configuration list for PBXNativeTarget "RecipeBook" */;
			buildPhases = (
				A3803626185F3981005E8F61 /* Sources */,
				A3803627185F3981005E8F61 /* Frameworks */,
				A3803628185F3981005E8F61 /* Resources */,
			);
			buildRules = (
			);
			dependencies = (
			);
			name = RecipeBook;
			productName = RecipeBook;
			productReference = A380362A185F3981005E8F61 /* RecipeBook.app */;
			productType = "com.apple.product-type.application";
		};
		A380364A185F3981005E8F61 /* RecipeBookTests */ = {
			isa = PBXNativeTarget;
			buildConfigurationList = A380365F185F3981005E8F61 /* Build configuration list for PBXNativeTarget "RecipeBookTests" */;
			buildPhases = (
				A3803647185F3981005E8F61 /* Sources */,
				A3803648185F3981005E8F61 /* Frameworks */,
				A3803649185F3981005E8F61 /* Resources */,
			);
			buildRules = (
			);
			dependencies = (
				A3803651185F3981005E8F61 /* PBXTargetDependency */,
			);
			name = RecipeBookTests;
			productName = RecipeBookTests;
			productReference = A380364B185F3981005E8F61 /* RecipeBookTests.xctest */;
			productType = "com.apple.product-type.bundle.unit-test";
		};
/* End PBXNativeTarget section */

/* Begin PBXProject section */
		A3803622185F3980005E8F61 /* Project object */ = {
			isa = PBXProject;
			attributes = {
				CLASSPREFIX = RecipeBook;
				LastUpgradeCheck = 0500;
				ORGANIZATIONNAME = Appcoda;
				TargetAttributes = {
					A380364A185F3981005E8F61 = {
						TestTargetID = A3803629185F3981005E8F61;
					};
				};
			};
			buildConfigurationList = A3803625185F3980005E8F61 /* Build configuration list for PBXProject "RecipeBook" */;
			compatibilityVersion = "Xcode 3.2";
			developmentRegion = English;
			hasScannedForEncodings = 0;
			knownRegions = (
				en,
				Base,
			);
			mainGroup = A3803621185F3980005E8F61;
			productRefGroup = A380362B185F3981005E8F61 /* Products */;
			projectDirPath = "";
			projectRoot = "";
			targets = (
				A3803629185F3981005E8F61 /* RecipeBook */,
				A380364A185F3981005E8F61 /* RecipeBookTests */,
			);
		};
/* End PBXProject section */

/* Begin PBXResourcesBuildPhase section */
		A3803628185F3981005E8F61 /* Resources */ = {
			isa = PBXResourcesBuildPhase;
			buildActionMask = 2147483647;
			files = (
				A3803646185F3981005E8F61 /* Images.xcassets in Resources */,
				A3803638185F3981005E8F61 /* InfoPlist.strings in Resources */,
				A3803641185F3981005E8F61 /* Main.storyboard in Resources */,
			);
			runOnlyForDeploymentPostprocessing = 0;
		};
		A3803649185F3981005E8F61 /* Resources */ = {
			isa = PBXResourcesBuildPhase;
			buildActionMask = 2147483647;
			files = (
				A3803657185F3981005E8F61 /* InfoPlist.strings in Resources */,
			);
			runOnlyForDeploymentPostprocessing = 0;
		};
/* End PBXResourcesBuildPhase section */

/* Begin PBXSourcesBuildPhase section */
		A3803626185F3981005E8F61 /* Sources */ = {
			isa = PBXSourcesBuildPhase;
			buildActionMask = 2147483647;
			files = (
				A3803644185F3981005E8F61 /* RecipeBookViewController.m in Sources */,
				A380363A185F3981005E8F61 /* main.m in Sources */,
				A380363E185F3981005E8F61 /* RecipeBookAppDelegate.m in Sources */,
			);
			runOnlyForDeploymentPostprocessing = 0;
		};
		A3803647185F3981005E8F61 /* Sources */ = {
			isa = PBXSourcesBuildPhase;
			buildActionMask = 2147483647;
			files = (
				A3803659185F3981005E8F61 /* RecipeBookTests.m in Sources */,
			);
			runOnlyForDeploymentPostprocessing = 0;
		};
/* End PBXSourcesBuildPhase section */

/* Begin PBXTargetDependency section */
		A3803651185F3981005E8F61 /* PBXTargetDependency */ = {
			isa = PBXTargetDependency;
			target = A3803629185F3981005E8F61 /* RecipeBook */;
			targetProxy = A3803650185F3981005E8F61 /* PBXContainerItemProxy */;
		};
/* End PBXTargetDependency section */

/* Begin PBXVariantGroup section */
		A3803636185F3981005E8F61 /* InfoPlist.strings */ = {
			isa = PBXVariantGroup;
			children = (
				A3803637185F3981005E8F61 /* en */,
			);
			name = InfoPlist.strings;
			sourceTree = "<group>";
		};
		A380363F185F3981005E8F61 /* Main.storyboard */ = {
			isa = PBXVariantGroup;
			children = (
				A3803640185F3981005E8F61 /* Base */,
			);
			name = Main.storyboard;
			sourceTree = "<group>";
		};
		A3803655185F3981005E8F61 /* InfoPlist.strings */ = {
			isa = PBXVariantGroup;
			children = (
				A3803656185F3981005E8F61 /* en */,
			);
			name = InfoPlist.strings;
			sourceTree = "<group>";
		};
/* End PBXVariantGroup section */

/* Begin XCBuildConfiguration section */
		A380365A185F3981005E8F61 /* Debug */ = {
			isa = XCBuildConfiguration;
			buildSettings = {
				ALWAYS_SEARCH_USER_PATHS = NO;
				ARCHS = "$(ARCHS_STANDARD_INCLUDING_64_BIT)";
				CLANG_CXX_LANGUAGE_STANDARD = "gnu++0x";
				CLANG_CXX_LIBRARY = "libc++";
				CLANG_ENABLE_MODULES = YES;
				CLANG_ENABLE_OBJC_ARC = YES;
				CLANG_WARN_BOOL_CONVERSION = YES;
				CLANG_WARN_CONSTANT_CONVERSION = YES;
				CLANG_WARN_DIRECT_OBJC_ISA_USAGE = YES_ERROR;
				CLANG_WARN_EMPTY_BODY = YES;
				CLANG_WARN_ENUM_CONVERSION = YES;
				CLANG_WARN_INT_CONVERSION = YES;
				CLANG_WARN_OBJC_ROOT_CLASS = YES_ERROR;
				CLANG_WARN__DUPLICATE_METHOD_MATCH = YES;
				"CODE_SIGN_IDENTITY[sdk=iphoneos*]" = "iPhone Developer";
				COPY_PHASE_STRIP = NO;
				GCC_C_LANGUAGE_STANDARD = gnu99;
				GCC_DYNAMIC_NO_PIC = NO;
				GCC_OPTIMIZATION_LEVEL = 0;
				GCC_PREPROCESSOR_DEFINITIONS = (
					"DEBUG=1",
					"$(inherited)",
				);
				GCC_SYMBOLS_PRIVATE_EXTERN = NO;
				GCC_WARN_64_TO_32_BIT_CONVERSION = YES;
				GCC_WARN_ABOUT_RETURN_TYPE = YES_ERROR;
				GCC_WARN_UNDECLARED_SELECTOR = YES;
				GCC_WARN_UNINITIALIZED_AUTOS = YES;
				GCC_WARN_UNUSED_FUNCTION = YES;
				GCC_WARN_UNUSED_VARIABLE = YES;
				IPHONEOS_DEPLOYMENT_TARGET = 7.0;
				ONLY_ACTIVE_ARCH = YES;
				SDKROOT = iphoneos;
			};
			name = Debug;
		};
		A380365B185F3981005E8F61 /* Release */ = {
			isa = XCBuildConfiguration;
			buildSettings = {
				ALWAYS_SEARCH_USER_PATHS = NO;
				ARCHS = "$(ARCHS_STANDARD_INCLUDING_64_BIT)";
				CLANG_CXX_LANGUAGE_STANDARD = "gnu++0x";
				CLANG_CXX_LIBRARY = "libc++";
				CLANG_ENABLE_MODULES = YES;
				CLANG_ENABLE_OBJC_ARC = YES;
				CLANG_WARN_BOOL_CONVERSION = YES;
				CLANG_WARN_CONSTANT_CONVERSION = YES;
				CLANG_WARN_DIRECT_OBJC_ISA_USAGE = YES_ERROR;
				CLANG_WARN_EMPTY_BODY = YES;
				CLANG_WARN_ENUM_CONVERSION = YES;
				CLANG_WARN_INT_CONVERSION = YES;
				CLANG_WARN_OBJC_ROOT_CLASS = YES_ERROR;
				CLANG_WARN__DUPLICATE_METHOD_MATCH = YES;
				"CODE_SIGN_IDENTITY[sdk=iphoneos*]" = "iPhone Developer";
				COPY_PHASE_STRIP = YES;
				ENABLE_NS_ASSERTIONS = NO;
				GCC_C_LANGUAGE_STANDARD = gnu99;
				GCC_WARN_64_TO_32_BIT_CONVERSION = YES;
				GCC_WARN_ABOUT_RETURN_TYPE = YES_ERROR;
				GCC_WARN_UNDECLARED_SELECTOR = YES;
				GCC_WARN_UNINITIALIZED_AUTOS = YES;
				GCC_WARN_UNUSED_FUNCTION = YES;
				GCC_WARN_UNUSED_VARIABLE = YES;
				IPHONEOS_DEPLOYMENT_TARGET = 7.0;
				SDKROOT = iphoneos;
				VALIDATE_PRODUCT = YES;
			};
			name = Release;
		};
		A380365D185F3981005E8F61 /* Debug */ = {
			isa = XCBuildConfiguration;
			buildSettings = {
				ASSETCATALOG_COMPILER_APPICON_NAME = AppIcon;
				ASSETCATALOG_COMPILER_LAUNCHIMAGE_NAME = LaunchImage;
				GCC_PRECOMPILE_PREFIX_HEADER = YES;
				GCC_PREFIX_HEADER = "RecipeBook/RecipeBook-Prefix.pch";
				INFOPLIST_FILE = "RecipeBook/RecipeBook-Info.plist";
				PRODUCT_NAME = "$(TARGET_NAME)";
				WRAPPER_EXTENSION = app;
			};
			name = Debug;
		};
		A380365E185F3981005E8F61 /* Release */ = {
			isa = XCBuildConfiguration;
			buildSettings = {
				ASSETCATALOG_COMPILER_APPICON_NAME = AppIcon;
				ASSETCATALOG_COMPILER_LAUNCHIMAGE_NAME = LaunchImage;
				GCC_PRECOMPILE_PREFIX_HEADER = YES;
				GCC_PREFIX_HEADER = "RecipeBook/RecipeBook-Prefix.pch";
				INFOPLIST_FILE = "RecipeBook/RecipeBook-Info.plist";
				PRODUCT_NAME = "$(TARGET_NAME)";
				WRAPPER_EXTENSION = app;
			};
			name = Release;
		};
		A3803660185F3981005E8F61 /* Debug */ = {
			isa = XCBuildConfiguration;
			buildSettings = {
				ARCHS = "$(ARCHS_STANDARD_INCLUDING_64_BIT)";
				BUNDLE_LOADER = "$(BUILT_PRODUCTS_DIR)/RecipeBook.app/RecipeBook";
				FRAMEWORK_SEARCH_PATHS = (
					"$(SDKROOT)/Developer/Library/Frameworks",
					"$(inherited)",
					"$(DEVELOPER_FRAMEWORKS_DIR)",
				);
				GCC_PRECOMPILE_PREFIX_HEADER = YES;
				GCC_PREFIX_HEADER = "RecipeBook/RecipeBook-Prefix.pch";
				GCC_PREPROCESSOR_DEFINITIONS = (
					"DEBUG=1",
					"$(inherited)",
				);
				INFOPLIST_FILE = "RecipeBookTests/RecipeBookTests-Info.plist";
				PRODUCT_NAME = "$(TARGET_NAME)";
				TEST_HOST = "$(BUNDLE_LOADER)";
				WRAPPER_EXTENSION = xctest;
			};
			name = Debug;
		};
		A3803661185F3981005E8F61 /* Release */ = {
			isa = XCBuildConfiguration;
			buildSettings = {
				ARCHS = "$(ARCHS_STANDARD_INCLUDING_64_BIT)";
				BUNDLE_LOADER = "$(BUILT_PRODUCTS_DIR)/RecipeBook.app/RecipeBook";
				FRAMEWORK_SEARCH_PATHS = (
					"$(SDKROOT)/Developer/Library/Frameworks",
					"$(inherited)",
					"$(DEVELOPER_FRAMEWORKS_DIR)",
				);
				GCC_PRECOMPILE_PREFIX_HEADER = YES;
				GCC_PREFIX_HEADER = "RecipeBook/RecipeBook-Prefix.pch";
				INFOPLIST_FILE = "RecipeBookTests/RecipeBookTests-Info.plist";
				PRODUCT_NAME = "$(TARGET_NAME)";
				TEST_HOST = "$(BUNDLE_LOADER)";
				WRAPPER_EXTENSION = xctest;
			};
			name = Release;
		};
/* End XCBuildConfiguration section */

/* Begin XCConfigurationList section */
		A3803625185F3980005E8F61 /* Build configuration list for PBXProject "RecipeBook" */ = {
			isa = XCConfigurationList;
			buildConfigurations = (
				A380365A185F3981005E8F61 /* Debug */,
				A380365B185F3981005E8F61 /* Release */,
			);
			defaultConfigurationIsVisible = 0;
			defaultConfigurationName = Release;
		};
		A380365C185F3981005E8F61 /* Build configuration list for PBXNativeTarget "RecipeBook" */ = {
			isa = XCConfigurationList;
			buildConfigurations = (
				A380365D185F3981005E8F61 /* Debug */,
				A380365E185F3981005E8F61 /* Release */,
			);
			defaultConfigurationIsVisible = 0;
		};
		A380365F185F3981005E8F61 /* Build configuration list for PBXNativeTarget "RecipeBookTests" */ = {
			isa = XCConfigurationList;
			buildConfigurations = (
				A3803660185F3981005E8F61 /* Debug */,
				A3803661185F3981005E8F61 /* Release */,
			);
			defaultConfigurationIsVisible = 0;
		};
/* End XCConfigurationList section */
	};
	rootObject = A3803622185F3980005E8F61 /* Project object */;
}
